
Microsoft Visual Studio Solution File, Format Version 12.00
# Visual Studio 14
VisualStudioVersion = 14.0.25420.1
MinimumVisualStudioVersion = 10.0.40219.1
Project("{FAE04EC0-301F-11D3-BF4B-00C04F79EFBC}") = "Vidarr", "Vidarr\Vidarr.csproj", "{C01E69DF-063F-4F35-8323-3AA916099ACF}"
EndProject
Global
	GlobalSection(SolutionConfigurationPlatforms) = preSolution
		Debug ARM|ARM = Debug ARM|ARM
		Debug ARM|x64 = Debug ARM|x64
		Debug ARM|x86 = Debug ARM|x86
		Debug|ARM = Debug|ARM
		Debug|x64 = Debug|x64
		Debug|x86 = Debug|x86
		Release|ARM = Release|ARM
		Release|x64 = Release|x64
		Release|x86 = Release|x86
	EndGlobalSection
	GlobalSection(ProjectConfigurationPlatforms) = postSolution
		{C01E69DF-063F-4F35-8323-3AA916099ACF}.Debug ARM|ARM.ActiveCfg = Debug ARM|ARM
		{C01E69DF-063F-4F35-8323-3AA916099ACF}.Debug ARM|ARM.Build.0 = Debug ARM|ARM
		{C01E69DF-063F-4F35-8323-3AA916099ACF}.Debug ARM|ARM.Deploy.0 = Debug ARM|ARM
		{C01E69DF-063F-4F35-8323-3AA916099ACF}.Debug ARM|x64.ActiveCfg = Debug ARM|x64
		{C01E69DF-063F-4F35-8323-3AA916099ACF}.Debug ARM|x64.Build.0 = Debug ARM|x64
		{C01E69DF-063F-4F35-8323-3AA916099ACF}.Debug ARM|x64.Deploy.0 = Debug ARM|x64
		{C01E69DF-063F-4F35-8323-3AA916099ACF}.Debug ARM|x86.ActiveCfg = Debug ARM|ARM
		{C01E69DF-063F-4F35-8323-3AA916099ACF}.Debug ARM|x86.Build.0 = Debug ARM|ARM
		{C01E69DF-063F-4F35-8323-3AA916099ACF}.Debug ARM|x86.Deploy.0 = Debug ARM|ARM
		{C01E69DF-063F-4F35-8323-3AA916099ACF}.Debug|ARM.ActiveCfg = Debug|ARM
		{C01E69DF-063F-4F35-8323-3AA916099ACF}.Debug|ARM.Build.0 = Debug|ARM
		{C01E69DF-063F-4F35-8323-3AA916099ACF}.Debug|ARM.Deploy.0 = Debug|ARM
		{C01E69DF-063F-4F35-8323-3AA916099ACF}.Debug|x64.ActiveCfg = Debug|x64
		{C01E69DF-063F-4F35-8323-3AA916099ACF}.Debug|x64.Build.0 = Debug|x64
		{C01E69DF-063F-4F35-8323-3AA916099ACF}.Debug|x64.Deploy.0 = Debug|x64
		{C01E69DF-063F-4F35-8323-3AA916099ACF}.Debug|x86.ActiveCfg = Debug|x86
		{C01E69DF-063F-4F35-8323-3AA916099ACF}.Debug|x86.Build.0 = Debug|x86
		{C01E69DF-063F-4F35-8323-3AA916099ACF}.Debug|x86.Deploy.0 = Debug|x86
		{C01E69DF-063F-4F35-8323-3AA916099ACF}.Release|ARM.ActiveCfg = Release|ARM
		{C01E69DF-063F-4F35-8323-3AA916099ACF}.Release|ARM.Build.0 = Release|ARM
		{C01E69DF-063F-4F35-8323-3AA916099ACF}.Release|ARM.Deploy.0 = Release|ARM
		{C01E69DF-063F-4F35-8323-3AA916099ACF}.Release|x64.ActiveCfg = Release|x64
		{C01E69DF-063F-4F35-8323-3AA916099ACF}.Release|x64.Build.0 = Release|x64
		{C01E69DF-063F-4F35-8323-3AA916099ACF}.Release|x64.Deploy.0 = Release|x64
		{C01E69DF-063F-4F35-8323-3AA916099ACF}.Release|x86.ActiveCfg = Release|x86
		{C01E69DF-063F-4F35-8323-3AA916099ACF}.Release|x86.Build.0 = Release|x86
		{C01E69DF-063F-4F35-8323-3AA916099ACF}.Release|x86.Deploy.0 = Release|x86
	EndGlobalSection
	GlobalSection(SolutionProperties) = preSolution
		HideSolutionNode = FALSE
	EndGlobalSection
EndGlobal
